
Microsoft Visual Studio Solution File, Format Version 12.00
# Visual Studio Version 17
VisualStudioVersion = 17.10.35013.160
MinimumVisualStudioVersion = 10.0.40219.1
Project("{FAE04EC0-301F-11D3-BF4B-00C04F79EFBC}") = "Todos.WepAPI", "Todos.WepAPI\Todos.WepAPI.csproj", "{32604C21-D702-44CC-8DE7-8136C7B26541}"
EndProject
Global
	GlobalSection(SolutionConfigurationPlatforms) = preSolution
		Debug|Any CPU = Debug|Any CPU
		Release|Any CPU = Release|Any CPU
	EndGlobalSection
	GlobalSection(ProjectConfigurationPlatforms) = postSolution
		{32604C21-D702-44CC-8DE7-8136C7B26541}.Debug|Any CPU.ActiveCfg = Debug|Any CPU
		{32604C21-D702-44CC-8DE7-8136C7B26541}.Debug|Any CPU.Build.0 = Debug|Any CPU
		{32604C21-D702-44CC-8DE7-8136C7B26541}.Release|Any CPU.ActiveCfg = Release|Any CPU
		{32604C21-D702-44CC-8DE7-8136C7B26541}.Release|Any CPU.Build.0 = Release|Any CPU
	EndGlobalSection
	GlobalSection(SolutionProperties) = preSolution
		HideSolutionNode = FALSE
	EndGlobalSection
	GlobalSection(ExtensibilityGlobals) = postSolution
		SolutionGuid = {D7C649F6-60FC-4DEC-B40B-972F00358A9D}
	EndGlobalSection
EndGlobal
